# This file is automatically @generated by Poetry 2.0.1 and should not be changed by hand.

[[package]]
name = "anyio"
version = "4.9.0"
description = "High level compatibility layer for multiple asynchronous event loop implementations"
optional = false
python-versions = ">=3.9"
groups = ["main"]
files = [
    {file = "anyio-4.9.0-py3-none-any.whl", hash = "sha256:9f76d541cad6e36af7beb62e978876f3b41e3e04f2c1fbf0884604c0a9c4d93c"},
    {file = "anyio-4.9.0.tar.gz", hash = "sha256:673c0c244e15788651a4ff38710fea9675823028a6f08a5eda409e0c9840a028"},
]

[package.dependencies]
idna = ">=2.8"
sniffio = ">=1.1"
typing_extensions = {version = ">=4.5", markers = "python_version < \"3.13\""}

[package.extras]
doc = ["Sphinx (>=8.2,<9.0)", "packaging", "sphinx-autodoc-typehints (>=1.2.0)", "sphinx_rtd_theme"]
test = ["anyio[trio]", "blockbuster (>=1.5.23)", "coverage[toml] (>=7)", "exceptiongroup (>=1.2.0)", "hypothesis (>=4.0)", "psutil (>=5.9)", "pytest (>=7.0)", "trustme", "truststore (>=0.9.1)", "uvloop (>=0.21)"]
trio = ["trio (>=0.26.1)"]

[[package]]
name = "azure-cognitiveservices-speech"
version = "1.42.0"
description = "Microsoft Cognitive Services Speech SDK for Python"
optional = false
python-versions = ">=3.7"
groups = ["main"]
files = [
    {file = "azure_cognitiveservices_speech-1.42.0-py3-none-macosx_10_14_x86_64.whl", hash = "sha256:ad45a18ad6973a4fa2dbd4d71ded3a1a02c4dbbf13696b08f7a16f4156dddce7"},
    {file = "azure_cognitiveservices_speech-1.42.0-py3-none-macosx_11_0_arm64.whl", hash = "sha256:9105a64a9d83044790f4f8c9358b6ea66a7c042cbd67173db303501782e62d3f"},
    {file = "azure_cognitiveservices_speech-1.42.0-py3-none-manylinux1_x86_64.whl", hash = "sha256:90890a147499239f37b0b1a5112c51820b90fa2b5adafa0df4da6cc0c211887f"},
    {file = "azure_cognitiveservices_speech-1.42.0-py3-none-manylinux2014_aarch64.whl", hash = "sha256:106fbdb165a215cada47d7e95851e0b9d2755a3f2355369bab4915ad001efe89"},
    {file = "azure_cognitiveservices_speech-1.42.0-py3-none-win32.whl", hash = "sha256:7d57218beec24360a8b7ce89755c2c133259e3411c233ef0a659b951e4c4c904"},
    {file = "azure_cognitiveservices_speech-1.42.0-py3-none-win_amd64.whl", hash = "sha256:32076ee03b3b402a2e8841f2c21e5cd54dc3ffbf5af183426344727298c8bbd4"},
]

[[package]]
name = "cffi"
version = "1.17.1"
description = "Foreign Function Interface for Python calling C code."
optional = false
python-versions = ">=3.8"
groups = ["main"]
files = [
    {file = "cffi-1.17.1-cp310-cp310-macosx_10_9_x86_64.whl", hash = "sha256:df8b1c11f177bc2313ec4b2d46baec87a5f3e71fc8b45dab2ee7cae86d9aba14"},
    {file = "cffi-1.17.1-cp310-cp310-macosx_11_0_arm64.whl", hash = "sha256:8f2cdc858323644ab277e9bb925ad72ae0e67f69e804f4898c070998d50b1a67"},
    {file = "cffi-1.17.1-cp310-cp310-manylinux_2_12_i686.manylinux2010_i686.manylinux_2_17_i686.manylinux2014_i686.whl", hash = "sha256:edae79245293e15384b51f88b00613ba9f7198016a5948b5dddf4917d4d26382"},
    {file = "cffi-1.17.1-cp310-cp310-manylinux_2_17_aarch64.manylinux2014_aarch64.whl", hash = "sha256:45398b671ac6d70e67da8e4224a065cec6a93541bb7aebe1b198a61b58c7b702"},
    {file = "cffi-1.17.1-cp310-cp310-manylinux_2_17_ppc64le.manylinux2014_ppc64le.whl", hash = "sha256:ad9413ccdeda48c5afdae7e4fa2192157e991ff761e7ab8fdd8926f40b160cc3"},
    {file = "cffi-1.17.1-cp310-cp310-manylinux_2_17_s390x.manylinux2014_s390x.whl", hash = "sha256:5da5719280082ac6bd9aa7becb3938dc9f9cbd57fac7d2871717b1feb0902ab6"},
    {file = "cffi-1.17.1-cp310-cp310-manylinux_2_17_x86_64.manylinux2014_x86_64.whl", hash = "sha256:2bb1a08b8008b281856e5971307cc386a8e9c5b625ac297e853d36da6efe9c17"},
    {file = "cffi-1.17.1-cp310-cp310-musllinux_1_1_aarch64.whl", hash = "sha256:045d61c734659cc045141be4bae381a41d89b741f795af1dd018bfb532fd0df8"},
    {file = "cffi-1.17.1-cp310-cp310-musllinux_1_1_i686.whl", hash = "sha256:6883e737d7d9e4899a8a695e00ec36bd4e5e4f18fabe0aca0efe0a4b44cdb13e"},
    {file = "cffi-1.17.1-cp310-cp310-musllinux_1_1_x86_64.whl", hash = "sha256:6b8b4a92e1c65048ff98cfe1f735ef8f1ceb72e3d5f0c25fdb12087a23da22be"},
    {file = "cffi-1.17.1-cp310-cp310-win32.whl", hash = "sha256:c9c3d058ebabb74db66e431095118094d06abf53284d9c81f27300d0e0d8bc7c"},
    {file = "cffi-1.17.1-cp310-cp310-win_amd64.whl", hash = "sha256:0f048dcf80db46f0098ccac01132761580d28e28bc0f78ae0d58048063317e15"},
    {file = "cffi-1.17.1-cp311-cp311-macosx_10_9_x86_64.whl", hash = "sha256:a45e3c6913c5b87b3ff120dcdc03f6131fa0065027d0ed7ee6190736a74cd401"},
    {file = "cffi-1.17.1-cp311-cp311-macosx_11_0_arm64.whl", hash = "sha256:30c5e0cb5ae493c04c8b42916e52ca38079f1b235c2f8ae5f4527b963c401caf"},
    {file = "cffi-1.17.1-cp311-cp311-manylinux_2_12_i686.manylinux2010_i686.manylinux_2_17_i686.manylinux2014_i686.whl", hash = "sha256:f75c7ab1f9e4aca5414ed4d8e5c0e303a34f4421f8a0d47a4d019ceff0ab6af4"},
    {file = "cffi-1.17.1-cp311-cp311-manylinux_2_17_aarch64.manylinux2014_aarch64.whl", hash = "sha256:a1ed2dd2972641495a3ec98445e09766f077aee98a1c896dcb4ad0d303628e41"},
    {file = "cffi-1.17.1-cp311-cp311-manylinux_2_17_ppc64le.manylinux2014_ppc64le.whl", hash = "sha256:46bf43160c1a35f7ec506d254e5c890f3c03648a4dbac12d624e4490a7046cd1"},
    {file = "cffi-1.17.1-cp311-cp311-manylinux_2_17_s390x.manylinux2014_s390x.whl", hash = "sha256:a24ed04c8ffd54b0729c07cee15a81d964e6fee0e3d4d342a27b020d22959dc6"},
    {file = "cffi-1.17.1-cp311-cp311-manylinux_2_17_x86_64.manylinux2014_x86_64.whl", hash = "sha256:610faea79c43e44c71e1ec53a554553fa22321b65fae24889706c0a84d4ad86d"},
    {file = "cffi-1.17.1-cp311-cp311-musllinux_1_1_aarch64.whl", hash = "sha256:a9b15d491f3ad5d692e11f6b71f7857e7835eb677955c00cc0aefcd0669adaf6"},
    {file = "cffi-1.17.1-cp311-cp311-musllinux_1_1_i686.whl", hash = "sha256:de2ea4b5833625383e464549fec1bc395c1bdeeb5f25c4a3a82b5a8c756ec22f"},
    {file = "cffi-1.17.1-cp311-cp311-musllinux_1_1_x86_64.whl", hash = "sha256:fc48c783f9c87e60831201f2cce7f3b2e4846bf4d8728eabe54d60700b318a0b"},
    {file = "cffi-1.17.1-cp311-cp311-win32.whl", hash = "sha256:85a950a4ac9c359340d5963966e3e0a94a676bd6245a4b55bc43949eee26a655"},
    {file = "cffi-1.17.1-cp311-cp311-win_amd64.whl", hash = "sha256:caaf0640ef5f5517f49bc275eca1406b0ffa6aa184892812030f04c2abf589a0"},
    {file = "cffi-1.17.1-cp312-cp312-macosx_10_9_x86_64.whl", hash = "sha256:805b4371bf7197c329fcb3ead37e710d1bca9da5d583f5073b799d5c5bd1eee4"},
    {file = "cffi-1.17.1-cp312-cp312-macosx_11_0_arm64.whl", hash = "sha256:733e99bc2df47476e3848417c5a4540522f234dfd4ef3ab7fafdf555b082ec0c"},
    {file = "cffi-1.17.1-cp312-cp312-manylinux_2_12_i686.manylinux2010_i686.manylinux_2_17_i686.manylinux2014_i686.whl", hash = "sha256:1257bdabf294dceb59f5e70c64a3e2f462c30c7ad68092d01bbbfb1c16b1ba36"},
    {file = "cffi-1.17.1-cp312-cp312-manylinux_2_17_aarch64.manylinux2014_aarch64.whl", hash = "sha256:da95af8214998d77a98cc14e3a3bd00aa191526343078b530ceb0bd710fb48a5"},
    {file = "cffi-1.17.1-cp312-cp312-manylinux_2_17_ppc64le.manylinux2014_ppc64le.whl", hash = "sha256:d63afe322132c194cf832bfec0dc69a99fb9bb6bbd550f161a49e9e855cc78ff"},
    {file = "cffi-1.17.1-cp312-cp312-manylinux_2_17_s390x.manylinux2014_s390x.whl", hash = "sha256:f79fc4fc25f1c8698ff97788206bb3c2598949bfe0fef03d299eb1b5356ada99"},
    {file = "cffi-1.17.1-cp312-cp312-manylinux_2_17_x86_64.manylinux2014_x86_64.whl", hash = "sha256:b62ce867176a75d03a665bad002af8e6d54644fad99a3c70905c543130e39d93"},
    {file = "cffi-1.17.1-cp312-cp312-musllinux_1_1_aarch64.whl", hash = "sha256:386c8bf53c502fff58903061338ce4f4950cbdcb23e2902d86c0f722b786bbe3"},
    {file = "cffi-1.17.1-cp312-cp312-musllinux_1_1_x86_64.whl", hash = "sha256:4ceb10419a9adf4460ea14cfd6bc43d08701f0835e979bf821052f1805850fe8"},
    {file = "cffi-1.17.1-cp312-cp312-win32.whl", hash = "sha256:a08d7e755f8ed21095a310a693525137cfe756ce62d066e53f502a83dc550f65"},
    {file = "cffi-1.17.1-cp312-cp312-win_amd64.whl", hash = "sha256:51392eae71afec0d0c8fb1a53b204dbb3bcabcb3c9b807eedf3e1e6ccf2de903"},
    {file = "cffi-1.17.1-cp313-cp313-macosx_10_13_x86_64.whl", hash = "sha256:f3a2b4222ce6b60e2e8b337bb9596923045681d71e5a082783484d845390938e"},
    {file = "cffi-1.17.1-cp313-cp313-macosx_11_0_arm64.whl", hash = "sha256:0984a4925a435b1da406122d4d7968dd861c1385afe3b45ba82b750f229811e2"},
    {file = "cffi-1.17.1-cp313-cp313-manylinux_2_12_i686.manylinux2010_i686.manylinux_2_17_i686.manylinux2014_i686.whl", hash = "sha256:d01b12eeeb4427d3110de311e1774046ad344f5b1a7403101878976ecd7a10f3"},
    {file = "cffi-1.17.1-cp313-cp313-manylinux_2_17_aarch64.manylinux2014_aarch64.whl", hash = "sha256:706510fe141c86a69c8ddc029c7910003a17353970cff3b904ff0686a5927683"},
    {file = "cffi-1.17.1-cp313-cp313-manylinux_2_17_ppc64le.manylinux2014_ppc64le.whl", hash = "sha256:de55b766c7aa2e2a3092c51e0483d700341182f08e67c63630d5b6f200bb28e5"},
    {file = "cffi-1.17.1-cp313-cp313-manylinux_2_17_s390x.manylinux2014_s390x.whl", hash = "sha256:c59d6e989d07460165cc5ad3c61f9fd8f1b4796eacbd81cee78957842b834af4"},
    {file = "cffi-1.17.1-cp313-cp313-manylinux_2_17_x86_64.manylinux2014_x86_64.whl", hash = "sha256:dd398dbc6773384a17fe0d3e7eeb8d1a21c2200473ee6806bb5e6a8e62bb73dd"},
    {file = "cffi-1.17.1-cp313-cp313-musllinux_1_1_aarch64.whl", hash = "sha256:3edc8d958eb099c634dace3c7e16560ae474aa3803a5df240542b305d14e14ed"},
    {file = "cffi-1.17.1-cp313-cp313-musllinux_1_1_x86_64.whl", hash = "sha256:72e72408cad3d5419375fc87d289076ee319835bdfa2caad331e377589aebba9"},
    {file = "cffi-1.17.1-cp313-cp313-win32.whl", hash = "sha256:e03eab0a8677fa80d646b5ddece1cbeaf556c313dcfac435ba11f107ba117b5d"},
    {file = "cffi-1.17.1-cp313-cp313-win_amd64.whl", hash = "sha256:f6a16c31041f09ead72d69f583767292f750d24913dadacf5756b966aacb3f1a"},
    {file = "cffi-1.17.1-cp38-cp38-macosx_10_9_x86_64.whl", hash = "sha256:636062ea65bd0195bc012fea9321aca499c0504409f413dc88af450b57ffd03b"},
    {file = "cffi-1.17.1-cp38-cp38-manylinux_2_12_i686.manylinux2010_i686.manylinux_2_17_i686.manylinux2014_i686.whl", hash = "sha256:c7eac2ef9b63c79431bc4b25f1cd649d7f061a28808cbc6c47b534bd789ef964"},
    {file = "cffi-1.17.1-cp38-cp38-manylinux_2_17_aarch64.manylinux2014_aarch64.whl", hash = "sha256:e221cf152cff04059d011ee126477f0d9588303eb57e88923578ace7baad17f9"},
    {file = "cffi-1.17.1-cp38-cp38-manylinux_2_17_ppc64le.manylinux2014_ppc64le.whl", hash = "sha256:31000ec67d4221a71bd3f67df918b1f88f676f1c3b535a7eb473255fdc0b83fc"},
    {file = "cffi-1.17.1-cp38-cp38-manylinux_2_17_s390x.manylinux2014_s390x.whl", hash = "sha256:6f17be4345073b0a7b8ea599688f692ac3ef23ce28e5df79c04de519dbc4912c"},
    {file = "cffi-1.17.1-cp38-cp38-manylinux_2_17_x86_64.manylinux2014_x86_64.whl", hash = "sha256:0e2b1fac190ae3ebfe37b979cc1ce69c81f4e4fe5746bb401dca63a9062cdaf1"},
    {file = "cffi-1.17.1-cp38-cp38-win32.whl", hash = "sha256:7596d6620d3fa590f677e9ee430df2958d2d6d6de2feeae5b20e82c00b76fbf8"},
    {file = "cffi-1.17.1-cp38-cp38-win_amd64.whl", hash = "sha256:78122be759c3f8a014ce010908ae03364d00a1f81ab5c7f4a7a5120607ea56e1"},
    {file = "cffi-1.17.1-cp39-cp39-macosx_10_9_x86_64.whl", hash = "sha256:b2ab587605f4ba0bf81dc0cb08a41bd1c0a5906bd59243d56bad7668a6fc6c16"},
    {file = "cffi-1.17.1-cp39-cp39-macosx_11_0_arm64.whl", hash = "sha256:28b16024becceed8c6dfbc75629e27788d8a3f9030691a1dbf9821a128b22c36"},
    {file = "cffi-1.17.1-cp39-cp39-manylinux_2_12_i686.manylinux2010_i686.manylinux_2_17_i686.manylinux2014_i686.whl", hash = "sha256:1d599671f396c4723d016dbddb72fe8e0397082b0a77a4fab8028923bec050e8"},
    {file = "cffi-1.17.1-cp39-cp39-manylinux_2_17_aarch64.manylinux2014_aarch64.whl", hash = "sha256:ca74b8dbe6e8e8263c0ffd60277de77dcee6c837a3d0881d8c1ead7268c9e576"},
    {file = "cffi-1.17.1-cp39-cp39-manylinux_2_17_ppc64le.manylinux2014_ppc64le.whl", hash = "sha256:f7f5baafcc48261359e14bcd6d9bff6d4b28d9103847c9e136694cb0501aef87"},
    {file = "cffi-1.17.1-cp39-cp39-manylinux_2_17_s390x.manylinux2014_s390x.whl", hash = "sha256:98e3969bcff97cae1b2def8ba499ea3d6f31ddfdb7635374834cf89a1a08ecf0"},
    {file = "cffi-1.17.1-cp39-cp39-manylinux_2_17_x86_64.manylinux2014_x86_64.whl", hash = "sha256:cdf5ce3acdfd1661132f2a9c19cac174758dc2352bfe37d98aa7512c6b7178b3"},
    {file = "cffi-1.17.1-cp39-cp39-musllinux_1_1_aarch64.whl", hash = "sha256:9755e4345d1ec879e3849e62222a18c7174d65a6a92d5b346b1863912168b595"},
    {file = "cffi-1.17.1-cp39-cp39-musllinux_1_1_i686.whl", hash = "sha256:f1e22e8c4419538cb197e4dd60acc919d7696e5ef98ee4da4e01d3f8cfa4cc5a"},
    {file = "cffi-1.17.1-cp39-cp39-musllinux_1_1_x86_64.whl", hash = "sha256:c03e868a0b3bc35839ba98e74211ed2b05d2119be4e8a0f224fba9384f1fe02e"},
    {file = "cffi-1.17.1-cp39-cp39-win32.whl", hash = "sha256:e31ae45bc2e29f6b2abd0de1cc3b9d5205aa847cafaecb8af1476a609a2f6eb7"},
    {file = "cffi-1.17.1-cp39-cp39-win_amd64.whl", hash = "sha256:d016c76bdd850f3c626af19b0542c9677ba156e4ee4fccfdd7848803533ef662"},
    {file = "cffi-1.17.1.tar.gz", hash = "sha256:1c39c6016c32bc48dd54561950ebd6836e1670f2ae46128f67cf49e789c52824"},
]

[package.dependencies]
pycparser = "*"

[[package]]
name = "idna"
version = "3.10"
description = "Internationalized Domain Names in Applications (IDNA)"
optional = false
python-versions = ">=3.6"
groups = ["main"]
files = [
    {file = "idna-3.10-py3-none-any.whl", hash = "sha256:946d195a0d259cbba61165e88e65941f16e9b36ea6ddb97f00452bae8b1287d3"},
    {file = "idna-3.10.tar.gz", hash = "sha256:12f65c9b470abda6dc35cf8e63cc574b1c52b11df2c86030af0ac09b01b13ea9"},
]

[package.extras]
all = ["flake8 (>=7.1.1)", "mypy (>=1.11.2)", "pytest (>=8.3.2)", "ruff (>=0.6.2)"]

[[package]]
name = "pycparser"
version = "2.22"
description = "C parser in Python"
optional = false
python-versions = ">=3.8"
groups = ["main"]
files = [
    {file = "pycparser-2.22-py3-none-any.whl", hash = "sha256:c3702b6d3dd8c7abc1afa565d7e63d53a1d0bd86cdc24edd75470f4de499cfcc"},
    {file = "pycparser-2.22.tar.gz", hash = "sha256:491c8be9c040f5390f5bf44a5b07752bd07f56edf992381b05c701439eec10f6"},
]

[[package]]
name = "python-dotenv"
version = "1.0.1"
description = "Read key-value pairs from a .env file and set them as environment variables"
optional = false
python-versions = ">=3.8"
groups = ["main"]
files = [
    {file = "python-dotenv-1.0.1.tar.gz", hash = "sha256:e324ee90a023d808f1959c46bcbc04446a10ced277783dc6ee09987c37ec10ca"},
    {file = "python_dotenv-1.0.1-py3-none-any.whl", hash = "sha256:f7b63ef50f1b690dddf550d03497b66d609393b40b564ed0d674909a68ebf16a"},
]

[package.extras]
cli = ["click (>=5.0)"]

[[package]]
name = "setuptools"
version = "76.1.0"
description = "Easily download, build, install, upgrade, and uninstall Python packages"
optional = false
python-versions = ">=3.9"
groups = ["main"]
files = [
    {file = "setuptools-76.1.0-py3-none-any.whl", hash = "sha256:34750dcb17d046929f545dec9b8349fe42bf4ba13ddffee78428aec422dbfb73"},
    {file = "setuptools-76.1.0.tar.gz", hash = "sha256:4959b9ad482ada2ba2320c8f1a8d8481d4d8d668908a7a1b84d987375cd7f5bd"},
]

[package.extras]
check = ["pytest-checkdocs (>=2.4)", "pytest-ruff (>=0.2.1)", "ruff (>=0.8.0)"]
core = ["importlib_metadata (>=6)", "jaraco.collections", "jaraco.functools (>=4)", "jaraco.text (>=3.7)", "more_itertools", "more_itertools (>=8.8)", "packaging", "packaging (>=24.2)", "platformdirs (>=4.2.2)", "tomli (>=2.0.1)", "wheel (>=0.43.0)"]
cover = ["pytest-cov"]
doc = ["furo", "jaraco.packaging (>=9.3)", "jaraco.tidelift (>=1.4)", "pygments-github-lexers (==0.0.5)", "pyproject-hooks (!=1.1)", "rst.linker (>=1.9)", "sphinx (>=3.5)", "sphinx-favicon", "sphinx-inline-tabs", "sphinx-lint", "sphinx-notfound-page (>=1,<2)", "sphinx-reredirects", "sphinxcontrib-towncrier", "towncrier (<24.7)"]
enabler = ["pytest-enabler (>=2.2)"]
test = ["build[virtualenv] (>=1.0.3)", "filelock (>=3.4.0)", "ini2toml[lite] (>=0.14)", "jaraco.develop (>=7.21)", "jaraco.envs (>=2.2)", "jaraco.path (>=3.7.2)", "jaraco.test (>=5.5)", "packaging (>=24.2)", "pip (>=19.1)", "pyproject-hooks (!=1.1)", "pytest (>=6,!=8.1.*)", "pytest-home (>=0.5)", "pytest-perf", "pytest-subprocess", "pytest-timeout", "pytest-xdist (>=3)", "tomli-w (>=1.0.0)", "virtualenv (>=13.0.0)", "wheel (>=0.44.0)"]
type = ["importlib_metadata (>=7.0.2)", "jaraco.develop (>=7.21)", "mypy (==1.14.*)", "pytest-mypy"]

[[package]]
name = "sniffio"
version = "1.3.1"
description = "Sniff out which async library your code is running under"
optional = false
python-versions = ">=3.7"
groups = ["main"]
files = [
    {file = "sniffio-1.3.1-py3-none-any.whl", hash = "sha256:2f6da418d1f1e0fddd844478f41680e794e6051915791a034ff65e5f100525a2"},
    {file = "sniffio-1.3.1.tar.gz", hash = "sha256:f4324edc670a0f49750a81b895f35c3adb843cca46f0530f79fc1babb23789dc"},
]

[[package]]
name = "socketify"
version = "0.0.31"
description = "Bringing WebSockets, Http/Https High Performance servers for PyPy3 and Python3"
optional = false
python-versions = ">=3.8"
groups = ["main"]
files = [
    {file = "socketify-0.0.31-cp313-cp313-any.whl", hash = "sha256:328e6e46f8a896e09400fd415c8d402b9da40a0a154c4bb4ac0d851d54d380c0"},
    {file = "socketify-0.0.31-pp310-pypy310_pp73-any.whl", hash = "sha256:379f109a87edf396ed513869ee921a70cf8f4694ce7ef347d414c72e2543c954"},
    {file = "socketify-0.0.31.tar.gz", hash = "sha256:7502bed5b382e75f04ea3c6d6b53b76f27bb8653740db92e3f2b55fab388df20"},
]

[package.dependencies]
cffi = ">=1.0"
setuptools = ">=58.1.0"

[[package]]
name = "typing-extensions"
version = "4.12.2"
description = "Backported and Experimental Type Hints for Python 3.8+"
optional = false
python-versions = ">=3.8"
groups = ["main"]
markers = "python_version < \"3.13\""
files = [
    {file = "typing_extensions-4.12.2-py3-none-any.whl", hash = "sha256:04e5ca0351e0f3f85c6853954072df659d0d13fac324d0072316b67d7794700d"},
    {file = "typing_extensions-4.12.2.tar.gz", hash = "sha256:1a7ead55c7e559dd4dee8856e3a88b41225abfe1ce8df57b7c13915fe121ffb8"},
]

[[package]]
name = "watchfiles"
version = "1.0.4"
description = "Simple, modern and high performance file watching and code reload in python."
optional = false
python-versions = ">=3.9"
groups = ["main"]
files = [
    {file = "watchfiles-1.0.4-cp310-cp310-macosx_10_12_x86_64.whl", hash = "sha256:ba5bb3073d9db37c64520681dd2650f8bd40902d991e7b4cfaeece3e32561d08"},
    {file = "watchfiles-1.0.4-cp310-cp310-macosx_11_0_arm64.whl", hash = "sha256:9f25d0ba0fe2b6d2c921cf587b2bf4c451860086534f40c384329fb96e2044d1"},
    {file = "watchfiles-1.0.4-cp310-cp310-manylinux_2_17_aarch64.manylinux2014_aarch64.whl", hash = "sha256:47eb32ef8c729dbc4f4273baece89398a4d4b5d21a1493efea77a17059f4df8a"},
    {file = "watchfiles-1.0.4-cp310-cp310-manylinux_2_17_armv7l.manylinux2014_armv7l.whl", hash = "sha256:076f293100db3b0b634514aa0d294b941daa85fc777f9c698adb1009e5aca0b1"},
    {file = "watchfiles-1.0.4-cp310-cp310-manylinux_2_17_i686.manylinux2014_i686.whl", hash = "sha256:1eacd91daeb5158c598fe22d7ce66d60878b6294a86477a4715154990394c9b3"},
    {file = "watchfiles-1.0.4-cp310-cp310-manylinux_2_17_ppc64le.manylinux2014_ppc64le.whl", hash = "sha256:13c2ce7b72026cfbca120d652f02c7750f33b4c9395d79c9790b27f014c8a5a2"},
    {file = "watchfiles-1.0.4-cp310-cp310-manylinux_2_17_s390x.manylinux2014_s390x.whl", hash = "sha256:90192cdc15ab7254caa7765a98132a5a41471cf739513cc9bcf7d2ffcc0ec7b2"},
    {file = "watchfiles-1.0.4-cp310-cp310-manylinux_2_17_x86_64.manylinux2014_x86_64.whl", hash = "sha256:278aaa395f405972e9f523bd786ed59dfb61e4b827856be46a42130605fd0899"},
    {file = "watchfiles-1.0.4-cp310-cp310-musllinux_1_1_aarch64.whl", hash = "sha256:a462490e75e466edbb9fc4cd679b62187153b3ba804868452ef0577ec958f5ff"},
    {file = "watchfiles-1.0.4-cp310-cp310-musllinux_1_1_x86_64.whl", hash = "sha256:8d0d0630930f5cd5af929040e0778cf676a46775753e442a3f60511f2409f48f"},
    {file = "watchfiles-1.0.4-cp310-cp310-win32.whl", hash = "sha256:cc27a65069bcabac4552f34fd2dce923ce3fcde0721a16e4fb1b466d63ec831f"},
    {file = "watchfiles-1.0.4-cp310-cp310-win_amd64.whl", hash = "sha256:8b1f135238e75d075359cf506b27bf3f4ca12029c47d3e769d8593a2024ce161"},
    {file = "watchfiles-1.0.4-cp311-cp311-macosx_10_12_x86_64.whl", hash = "sha256:2a9f93f8439639dc244c4d2902abe35b0279102bca7bbcf119af964f51d53c19"},
    {file = "watchfiles-1.0.4-cp311-cp311-macosx_11_0_arm64.whl", hash = "sha256:9eea33ad8c418847dd296e61eb683cae1c63329b6d854aefcd412e12d94ee235"},
    {file = "watchfiles-1.0.4-cp311-cp311-manylinux_2_17_aarch64.manylinux2014_aarch64.whl", hash = "sha256:31f1a379c9dcbb3f09cf6be1b7e83b67c0e9faabed0471556d9438a4a4e14202"},
    {file = "watchfiles-1.0.4-cp311-cp311-manylinux_2_17_armv7l.manylinux2014_armv7l.whl", hash = "sha256:ab594e75644421ae0a2484554832ca5895f8cab5ab62de30a1a57db460ce06c6"},
    {file = "watchfiles-1.0.4-cp311-cp311-manylinux_2_17_i686.manylinux2014_i686.whl", hash = "sha256:fc2eb5d14a8e0d5df7b36288979176fbb39672d45184fc4b1c004d7c3ce29317"},
    {file = "watchfiles-1.0.4-cp311-cp311-manylinux_2_17_ppc64le.manylinux2014_ppc64le.whl", hash = "sha256:3f68d8e9d5a321163ddacebe97091000955a1b74cd43724e346056030b0bacee"},
    {file = "watchfiles-1.0.4-cp311-cp311-manylinux_2_17_s390x.manylinux2014_s390x.whl", hash = "sha256:f9ce064e81fe79faa925ff03b9f4c1a98b0bbb4a1b8c1b015afa93030cb21a49"},
    {file = "watchfiles-1.0.4-cp311-cp311-manylinux_2_17_x86_64.manylinux2014_x86_64.whl", hash = "sha256:b77d5622ac5cc91d21ae9c2b284b5d5c51085a0bdb7b518dba263d0af006132c"},
    {file = "watchfiles-1.0.4-cp311-cp311-musllinux_1_1_aarch64.whl", hash = "sha256:1941b4e39de9b38b868a69b911df5e89dc43767feeda667b40ae032522b9b5f1"},
    {file = "watchfiles-1.0.4-cp311-cp311-musllinux_1_1_x86_64.whl", hash = "sha256:4f8c4998506241dedf59613082d1c18b836e26ef2a4caecad0ec41e2a15e4226"},
    {file = "watchfiles-1.0.4-cp311-cp311-win32.whl", hash = "sha256:4ebbeca9360c830766b9f0df3640b791be569d988f4be6c06d6fae41f187f105"},
    {file = "watchfiles-1.0.4-cp311-cp311-win_amd64.whl", hash = "sha256:05d341c71f3d7098920f8551d4df47f7b57ac5b8dad56558064c3431bdfc0b74"},
    {file = "watchfiles-1.0.4-cp311-cp311-win_arm64.whl", hash = "sha256:32b026a6ab64245b584acf4931fe21842374da82372d5c039cba6bf99ef722f3"},
    {file = "watchfiles-1.0.4-cp312-cp312-macosx_10_12_x86_64.whl", hash = "sha256:229e6ec880eca20e0ba2f7e2249c85bae1999d330161f45c78d160832e026ee2"},
    {file = "watchfiles-1.0.4-cp312-cp312-macosx_11_0_arm64.whl", hash = "sha256:5717021b199e8353782dce03bd8a8f64438832b84e2885c4a645f9723bf656d9"},
    {file = "watchfiles-1.0.4-cp312-cp312-manylinux_2_17_aarch64.manylinux2014_aarch64.whl", hash = "sha256:0799ae68dfa95136dde7c472525700bd48777875a4abb2ee454e3ab18e9fc712"},
    {file = "watchfiles-1.0.4-cp312-cp312-manylinux_2_17_armv7l.manylinux2014_armv7l.whl", hash = "sha256:43b168bba889886b62edb0397cab5b6490ffb656ee2fcb22dec8bfeb371a9e12"},
    {file = "watchfiles-1.0.4-cp312-cp312-manylinux_2_17_i686.manylinux2014_i686.whl", hash = "sha256:fb2c46e275fbb9f0c92e7654b231543c7bbfa1df07cdc4b99fa73bedfde5c844"},
    {file = "watchfiles-1.0.4-cp312-cp312-manylinux_2_17_ppc64le.manylinux2014_ppc64le.whl", hash = "sha256:857f5fc3aa027ff5e57047da93f96e908a35fe602d24f5e5d8ce64bf1f2fc733"},
    {file = "watchfiles-1.0.4-cp312-cp312-manylinux_2_17_s390x.manylinux2014_s390x.whl", hash = "sha256:55ccfd27c497b228581e2838d4386301227fc0cb47f5a12923ec2fe4f97b95af"},
    {file = "watchfiles-1.0.4-cp312-cp312-manylinux_2_17_x86_64.manylinux2014_x86_64.whl", hash = "sha256:5c11ea22304d17d4385067588123658e9f23159225a27b983f343fcffc3e796a"},
    {file = "watchfiles-1.0.4-cp312-cp312-musllinux_1_1_aarch64.whl", hash = "sha256:74cb3ca19a740be4caa18f238298b9d472c850f7b2ed89f396c00a4c97e2d9ff"},
    {file = "watchfiles-1.0.4-cp312-cp312-musllinux_1_1_x86_64.whl", hash = "sha256:c7cce76c138a91e720d1df54014a047e680b652336e1b73b8e3ff3158e05061e"},
    {file = "watchfiles-1.0.4-cp312-cp312-win32.whl", hash = "sha256:b045c800d55bc7e2cadd47f45a97c7b29f70f08a7c2fa13241905010a5493f94"},
    {file = "watchfiles-1.0.4-cp312-cp312-win_amd64.whl", hash = "sha256:c2acfa49dd0ad0bf2a9c0bb9a985af02e89345a7189be1efc6baa085e0f72d7c"},
    {file = "watchfiles-1.0.4-cp312-cp312-win_arm64.whl", hash = "sha256:22bb55a7c9e564e763ea06c7acea24fc5d2ee5dfc5dafc5cfbedfe58505e9f90"},
    {file = "watchfiles-1.0.4-cp313-cp313-macosx_10_12_x86_64.whl", hash = "sha256:8012bd820c380c3d3db8435e8cf7592260257b378b649154a7948a663b5f84e9"},
    {file = "watchfiles-1.0.4-cp313-cp313-macosx_11_0_arm64.whl", hash = "sha256:aa216f87594f951c17511efe5912808dfcc4befa464ab17c98d387830ce07b60"},
    {file = "watchfiles-1.0.4-cp313-cp313-manylinux_2_17_aarch64.manylinux2014_aarch64.whl", hash = "sha256:62c9953cf85529c05b24705639ffa390f78c26449e15ec34d5339e8108c7c407"},
    {file = "watchfiles-1.0.4-cp313-cp313-manylinux_2_17_armv7l.manylinux2014_armv7l.whl", hash = "sha256:7cf684aa9bba4cd95ecb62c822a56de54e3ae0598c1a7f2065d51e24637a3c5d"},
    {file = "watchfiles-1.0.4-cp313-cp313-manylinux_2_17_i686.manylinux2014_i686.whl", hash = "sha256:f44a39aee3cbb9b825285ff979ab887a25c5d336e5ec3574f1506a4671556a8d"},
    {file = "watchfiles-1.0.4-cp313-cp313-manylinux_2_17_ppc64le.manylinux2014_ppc64le.whl", hash = "sha256:a38320582736922be8c865d46520c043bff350956dfc9fbaee3b2df4e1740a4b"},
    {file = "watchfiles-1.0.4-cp313-cp313-manylinux_2_17_s390x.manylinux2014_s390x.whl", hash = "sha256:39f4914548b818540ef21fd22447a63e7be6e24b43a70f7642d21f1e73371590"},
    {file = "watchfiles-1.0.4-cp313-cp313-manylinux_2_17_x86_64.manylinux2014_x86_64.whl", hash = "sha256:f12969a3765909cf5dc1e50b2436eb2c0e676a3c75773ab8cc3aa6175c16e902"},
    {file = "watchfiles-1.0.4-cp313-cp313-musllinux_1_1_aarch64.whl", hash = "sha256:0986902677a1a5e6212d0c49b319aad9cc48da4bd967f86a11bde96ad9676ca1"},
    {file = "watchfiles-1.0.4-cp313-cp313-musllinux_1_1_x86_64.whl", hash = "sha256:308ac265c56f936636e3b0e3f59e059a40003c655228c131e1ad439957592303"},
    {file = "watchfiles-1.0.4-cp313-cp313-win32.whl", hash = "sha256:aee397456a29b492c20fda2d8961e1ffb266223625346ace14e4b6d861ba9c80"},
    {file = "watchfiles-1.0.4-cp313-cp313-win_amd64.whl", hash = "sha256:d6097538b0ae5c1b88c3b55afa245a66793a8fec7ada6755322e465fb1a0e8cc"},
    {file = "watchfiles-1.0.4-cp39-cp39-macosx_10_12_x86_64.whl", hash = "sha256:d3452c1ec703aa1c61e15dfe9d482543e4145e7c45a6b8566978fbb044265a21"},
    {file = "watchfiles-1.0.4-cp39-cp39-macosx_11_0_arm64.whl", hash = "sha256:7b75fee5a16826cf5c46fe1c63116e4a156924d668c38b013e6276f2582230f0"},
    {file = "watchfiles-1.0.4-cp39-cp39-manylinux_2_17_aarch64.manylinux2014_aarch64.whl", hash = "sha256:4e997802d78cdb02623b5941830ab06f8860038faf344f0d288d325cc9c5d2ff"},
    {file = "watchfiles-1.0.4-cp39-cp39-manylinux_2_17_armv7l.manylinux2014_armv7l.whl", hash = "sha256:e0611d244ce94d83f5b9aff441ad196c6e21b55f77f3c47608dcf651efe54c4a"},
    {file = "watchfiles-1.0.4-cp39-cp39-manylinux_2_17_i686.manylinux2014_i686.whl", hash = "sha256:9745a4210b59e218ce64c91deb599ae8775c8a9da4e95fb2ee6fe745fc87d01a"},
    {file = "watchfiles-1.0.4-cp39-cp39-manylinux_2_17_ppc64le.manylinux2014_ppc64le.whl", hash = "sha256:4810ea2ae622add560f4aa50c92fef975e475f7ac4900ce5ff5547b2434642d8"},
    {file = "watchfiles-1.0.4-cp39-cp39-manylinux_2_17_s390x.manylinux2014_s390x.whl", hash = "sha256:740d103cd01458f22462dedeb5a3382b7f2c57d07ff033fbc9465919e5e1d0f3"},
    {file = "watchfiles-1.0.4-cp39-cp39-manylinux_2_17_x86_64.manylinux2014_x86_64.whl", hash = "sha256:cdbd912a61543a36aef85e34f212e5d2486e7c53ebfdb70d1e0b060cc50dd0bf"},
    {file = "watchfiles-1.0.4-cp39-cp39-musllinux_1_1_aarch64.whl", hash = "sha256:0bc80d91ddaf95f70258cf78c471246846c1986bcc5fd33ccc4a1a67fcb40f9a"},
    {file = "watchfiles-1.0.4-cp39-cp39-musllinux_1_1_x86_64.whl", hash = "sha256:ab0311bb2ffcd9f74b6c9de2dda1612c13c84b996d032cd74799adb656af4e8b"},
    {file = "watchfiles-1.0.4-cp39-cp39-win32.whl", hash = "sha256:02a526ee5b5a09e8168314c905fc545c9bc46509896ed282aeb5a8ba9bd6ca27"},
    {file = "watchfiles-1.0.4-cp39-cp39-win_amd64.whl", hash = "sha256:a5ae5706058b27c74bac987d615105da17724172d5aaacc6c362a40599b6de43"},
    {file = "watchfiles-1.0.4-pp310-pypy310_pp73-macosx_10_12_x86_64.whl", hash = "sha256:cdcc92daeae268de1acf5b7befcd6cfffd9a047098199056c72e4623f531de18"},
    {file = "watchfiles-1.0.4-pp310-pypy310_pp73-macosx_11_0_arm64.whl", hash = "sha256:d8d3d9203705b5797f0af7e7e5baa17c8588030aaadb7f6a86107b7247303817"},
    {file = "watchfiles-1.0.4-pp310-pypy310_pp73-manylinux_2_17_aarch64.manylinux2014_aarch64.whl", hash = "sha256:bdef5a1be32d0b07dcea3318a0be95d42c98ece24177820226b56276e06b63b0"},
    {file = "watchfiles-1.0.4-pp310-pypy310_pp73-manylinux_2_17_x86_64.manylinux2014_x86_64.whl", hash = "sha256:342622287b5604ddf0ed2d085f3a589099c9ae8b7331df3ae9845571586c4f3d"},
    {file = "watchfiles-1.0.4-pp39-pypy39_pp73-macosx_10_12_x86_64.whl", hash = "sha256:9fe37a2de80aa785d340f2980276b17ef697ab8db6019b07ee4fd28a8359d2f3"},
    {file = "watchfiles-1.0.4-pp39-pypy39_pp73-macosx_11_0_arm64.whl", hash = "sha256:9d1ef56b56ed7e8f312c934436dea93bfa3e7368adfcf3df4c0da6d4de959a1e"},
    {file = "watchfiles-1.0.4-pp39-pypy39_pp73-manylinux_2_17_aarch64.manylinux2014_aarch64.whl", hash = "sha256:95b42cac65beae3a362629950c444077d1b44f1790ea2772beaea95451c086bb"},
    {file = "watchfiles-1.0.4-pp39-pypy39_pp73-manylinux_2_17_x86_64.manylinux2014_x86_64.whl", hash = "sha256:5e0227b8ed9074c6172cf55d85b5670199c99ab11fd27d2c473aa30aec67ee42"},
    {file = "watchfiles-1.0.4.tar.gz", hash = "sha256:6ba473efd11062d73e4f00c2b730255f9c1bdd73cd5f9fe5b5da8dbd4a717205"},
]

[package.dependencies]
anyio = ">=3.0.0"

[metadata]
lock-version = "2.1"
python-versions = ">=3.12"
content-hash = "fdd88d7bf32f1000a5997195d78f33374674472d23be50c7c1c20f1dc78e7539"
